
Microsoft Visual Studio Solution File, Format Version 12.00
# Visual Studio Version 17
VisualStudioVersion = 17.2.32516.85
MinimumVisualStudioVersion = 10.0.40219.1
Project("{FAE04EC0-301F-11D3-BF4B-00C04F79EFBC}") = "BookListRazor", "BookListRazor\BookListRazor.csproj", "{D1DC7032-2410-4DC3-A911-0A80EE015316}"
EndProject
Global
	GlobalSection(SolutionConfigurationPlatforms) = preSolution
		Debug|Any CPU = Debug|Any CPU
		Release|Any CPU = Release|Any CPU
	EndGlobalSection
	GlobalSection(ProjectConfigurationPlatforms) = postSolution
		{D1DC7032-2410-4DC3-A911-0A80EE015316}.Debug|Any CPU.ActiveCfg = Debug|Any CPU
		{D1DC7032-2410-4DC3-A911-0A80EE015316}.Debug|Any CPU.Build.0 = Debug|Any CPU
		{D1DC7032-2410-4DC3-A911-0A80EE015316}.Release|Any CPU.ActiveCfg = Release|Any CPU
		{D1DC7032-2410-4DC3-A911-0A80EE015316}.Release|Any CPU.Build.0 = Release|Any CPU
	EndGlobalSection
	GlobalSection(SolutionProperties) = preSolution
		HideSolutionNode = FALSE
	EndGlobalSection
	GlobalSection(ExtensibilityGlobals) = postSolution
		SolutionGuid = {5E8C1951-F8B2-438A-84AE-4BCE70B49D6D}
	EndGlobalSection
EndGlobal
